{
  "requires": true,
  "lockfileVersion": 1,
  "dependencies": {
    "@notadd/neditor": {
      "version": "2.1.18",
      "resolved": "https://registry.npmjs.org/@notadd/neditor/-/neditor-2.1.18.tgz",
      "integrity": "sha512-JlARFYdxnuNPBHgml7E7JApGUu89uQw9UKjK19CZEzPwKlX0WfmAdqJUI6gHHW+Br8kJxSnQd4HEv1VSt18EsQ=="
    }
  }
}
